
Microsoft Visual Studio Solution File, Format Version 12.00
# Visual Studio 14
VisualStudioVersion = 14.0.25420.1
MinimumVisualStudioVersion = 10.0.40219.1
Project("{FAE04EC0-301F-11D3-BF4B-00C04F79EFBC}") = "PS4_Tools", "PS4_Tools\PS4_Tools.csproj", "{095271BF-9F85-43D0-BF8E-782B18EAED6F}"
EndProject
Project("{FAE04EC0-301F-11D3-BF4B-00C04F79EFBC}") = "Tester", "Tester\Tester.csproj", "{C3F12DEB-0C81-404C-B144-EF73F4EE2583}"
	ProjectSection(ProjectDependencies) = postProject
		{095271BF-9F85-43D0-BF8E-782B18EAED6F} = {095271BF-9F85-43D0-BF8E-782B18EAED6F}
	EndProjectSection
EndProject
Project("{FAE04EC0-301F-11D3-BF4B-00C04F79EFBC}") = "PS4_PKG_Tool", "PS4_PKG_Tool\PS4_PKG_Tool.csproj", "{8F13E995-45E8-4B01-B2B8-95586D333E86}"
EndProject
Project("{FAE04EC0-301F-11D3-BF4B-00C04F79EFBC}") = "PS2 DB Controler", "PS2 DB Controler\PS2 DB Controler.csproj", "{F8E89303-EB85-4106-AD2A-4CAF5D3C25E3}"
EndProject
Project("{FAE04EC0-301F-11D3-BF4B-00C04F79EFBC}") = "PS4_File_Explorer(WPF for unity)", "PS4_File_Explorer(WPF for unity)\PS4_File_Explorer(WPF for unity).csproj", "{FFD449DC-33B0-440E-BBDA-C72BBDA21531}"
EndProject
Project("{FAE04EC0-301F-11D3-BF4B-00C04F79EFBC}") = "PS4_PKG_Viewer", "PS4_PKG_Viewer\PS4_PKG_Viewer.csproj", "{F6803F1E-8484-4E76-933B-EF1C0355531D}"
EndProject
Project("{FAE04EC0-301F-11D3-BF4B-00C04F79EFBC}") = "PS Tools Online", "PS Tools Online\PS Tools Online.csproj", "{9080B486-0742-4095-92A7-AB7565390BB3}"
EndProject
Project("{FAE04EC0-301F-11D3-BF4B-00C04F79EFBC}") = "ImageUtil", "Example Applications\Windows\ImageUtil\ImageUtil\ImageUtil.csproj", "{9F7B58E5-2540-4583-88DA-EDAAEE8063F0}"
EndProject
Global
	GlobalSection(SolutionConfigurationPlatforms) = preSolution
		Android Mono|Any CPU = Android Mono|Any CPU
		Debug|Any CPU = Debug|Any CPU
		PS4 Unity|Any CPU = PS4 Unity|Any CPU
		Release|Any CPU = Release|Any CPU
	EndGlobalSection
	GlobalSection(ProjectConfigurationPlatforms) = postSolution
		{095271BF-9F85-43D0-BF8E-782B18EAED6F}.Android Mono|Any CPU.ActiveCfg = Android Mono|Any CPU
		{095271BF-9F85-43D0-BF8E-782B18EAED6F}.Android Mono|Any CPU.Build.0 = Android Mono|Any CPU
		{095271BF-9F85-43D0-BF8E-782B18EAED6F}.Debug|Any CPU.ActiveCfg = Debug|Any CPU
		{095271BF-9F85-43D0-BF8E-782B18EAED6F}.Debug|Any CPU.Build.0 = Debug|Any CPU
		{095271BF-9F85-43D0-BF8E-782B18EAED6F}.PS4 Unity|Any CPU.ActiveCfg = PS4 Unity|Any CPU
		{095271BF-9F85-43D0-BF8E-782B18EAED6F}.PS4 Unity|Any CPU.Build.0 = PS4 Unity|Any CPU
		{095271BF-9F85-43D0-BF8E-782B18EAED6F}.Release|Any CPU.ActiveCfg = Release|Any CPU
		{095271BF-9F85-43D0-BF8E-782B18EAED6F}.Release|Any CPU.Build.0 = Release|Any CPU
		{C3F12DEB-0C81-404C-B144-EF73F4EE2583}.Android Mono|Any CPU.ActiveCfg = Android Mono|Any CPU
		{C3F12DEB-0C81-404C-B144-EF73F4EE2583}.Android Mono|Any CPU.Build.0 = Android Mono|Any CPU
		{C3F12DEB-0C81-404C-B144-EF73F4EE2583}.Debug|Any CPU.ActiveCfg = Debug|Any CPU
		{C3F12DEB-0C81-404C-B144-EF73F4EE2583}.Debug|Any CPU.Build.0 = Debug|Any CPU
		{C3F12DEB-0C81-404C-B144-EF73F4EE2583}.PS4 Unity|Any CPU.ActiveCfg = PS4 Unity|Any CPU
		{C3F12DEB-0C81-404C-B144-EF73F4EE2583}.PS4 Unity|Any CPU.Build.0 = PS4 Unity|Any CPU
		{C3F12DEB-0C81-404C-B144-EF73F4EE2583}.Release|Any CPU.ActiveCfg = Release|Any CPU
		{C3F12DEB-0C81-404C-B144-EF73F4EE2583}.Release|Any CPU.Build.0 = Release|Any CPU
		{8F13E995-45E8-4B01-B2B8-95586D333E86}.Android Mono|Any CPU.ActiveCfg = Android Mono|Any CPU
		{8F13E995-45E8-4B01-B2B8-95586D333E86}.Android Mono|Any CPU.Build.0 = Android Mono|Any CPU
		{8F13E995-45E8-4B01-B2B8-95586D333E86}.Debug|Any CPU.ActiveCfg = Debug|Any CPU
		{8F13E995-45E8-4B01-B2B8-95586D333E86}.Debug|Any CPU.Build.0 = Debug|Any CPU
		{8F13E995-45E8-4B01-B2B8-95586D333E86}.PS4 Unity|Any CPU.ActiveCfg = PS4 Unity|Any CPU
		{8F13E995-45E8-4B01-B2B8-95586D333E86}.PS4 Unity|Any CPU.Build.0 = PS4 Unity|Any CPU
		{8F13E995-45E8-4B01-B2B8-95586D333E86}.Release|Any CPU.ActiveCfg = Release|Any CPU
		{8F13E995-45E8-4B01-B2B8-95586D333E86}.Release|Any CPU.Build.0 = Release|Any CPU
		{F8E89303-EB85-4106-AD2A-4CAF5D3C25E3}.Android Mono|Any CPU.ActiveCfg = Android Mono|Any CPU
		{F8E89303-EB85-4106-AD2A-4CAF5D3C25E3}.Android Mono|Any CPU.Build.0 = Android Mono|Any CPU
		{F8E89303-EB85-4106-AD2A-4CAF5D3C25E3}.Debug|Any CPU.ActiveCfg = Debug|Any CPU
		{F8E89303-EB85-4106-AD2A-4CAF5D3C25E3}.Debug|Any CPU.Build.0 = Debug|Any CPU
		{F8E89303-EB85-4106-AD2A-4CAF5D3C25E3}.PS4 Unity|Any CPU.ActiveCfg = PS4 Unity|Any CPU
		{F8E89303-EB85-4106-AD2A-4CAF5D3C25E3}.PS4 Unity|Any CPU.Build.0 = PS4 Unity|Any CPU
		{F8E89303-EB85-4106-AD2A-4CAF5D3C25E3}.Release|Any CPU.ActiveCfg = Release|Any CPU
		{F8E89303-EB85-4106-AD2A-4CAF5D3C25E3}.Release|Any CPU.Build.0 = Release|Any CPU
		{FFD449DC-33B0-440E-BBDA-C72BBDA21531}.Android Mono|Any CPU.ActiveCfg = Android Mono|Any CPU
		{FFD449DC-33B0-440E-BBDA-C72BBDA21531}.Android Mono|Any CPU.Build.0 = Android Mono|Any CPU
		{FFD449DC-33B0-440E-BBDA-C72BBDA21531}.Debug|Any CPU.ActiveCfg = Debug|Any CPU
		{FFD449DC-33B0-440E-BBDA-C72BBDA21531}.Debug|Any CPU.Build.0 = Debug|Any CPU
		{FFD449DC-33B0-440E-BBDA-C72BBDA21531}.PS4 Unity|Any CPU.ActiveCfg = PS4 Unity|Any CPU
		{FFD449DC-33B0-440E-BBDA-C72BBDA21531}.PS4 Unity|Any CPU.Build.0 = PS4 Unity|Any CPU
		{FFD449DC-33B0-440E-BBDA-C72BBDA21531}.Release|Any CPU.ActiveCfg = Release|Any CPU
		{FFD449DC-33B0-440E-BBDA-C72BBDA21531}.Release|Any CPU.Build.0 = Release|Any CPU
		{F6803F1E-8484-4E76-933B-EF1C0355531D}.Android Mono|Any CPU.ActiveCfg = Android Mono|Any CPU
		{F6803F1E-8484-4E76-933B-EF1C0355531D}.Android Mono|Any CPU.Build.0 = Android Mono|Any CPU
		{F6803F1E-8484-4E76-933B-EF1C0355531D}.Debug|Any CPU.ActiveCfg = Debug|Any CPU
		{F6803F1E-8484-4E76-933B-EF1C0355531D}.Debug|Any CPU.Build.0 = Debug|Any CPU
		{F6803F1E-8484-4E76-933B-EF1C0355531D}.PS4 Unity|Any CPU.ActiveCfg = PS4 Unity|Any CPU
		{F6803F1E-8484-4E76-933B-EF1C0355531D}.PS4 Unity|Any CPU.Build.0 = PS4 Unity|Any CPU
		{F6803F1E-8484-4E76-933B-EF1C0355531D}.Release|Any CPU.ActiveCfg = Release|Any CPU
		{F6803F1E-8484-4E76-933B-EF1C0355531D}.Release|Any CPU.Build.0 = Release|Any CPU
		{9080B486-0742-4095-92A7-AB7565390BB3}.Android Mono|Any CPU.ActiveCfg = Android Mono|Any CPU
		{9080B486-0742-4095-92A7-AB7565390BB3}.Android Mono|Any CPU.Build.0 = Android Mono|Any CPU
		{9080B486-0742-4095-92A7-AB7565390BB3}.Debug|Any CPU.ActiveCfg = Debug|Any CPU
		{9080B486-0742-4095-92A7-AB7565390BB3}.Debug|Any CPU.Build.0 = Debug|Any CPU
		{9080B486-0742-4095-92A7-AB7565390BB3}.PS4 Unity|Any CPU.ActiveCfg = PS4 Unity|Any CPU
		{9080B486-0742-4095-92A7-AB7565390BB3}.PS4 Unity|Any CPU.Build.0 = PS4 Unity|Any CPU
		{9080B486-0742-4095-92A7-AB7565390BB3}.Release|Any CPU.ActiveCfg = Release|Any CPU
		{9080B486-0742-4095-92A7-AB7565390BB3}.Release|Any CPU.Build.0 = Release|Any CPU
		{9F7B58E5-2540-4583-88DA-EDAAEE8063F0}.Android Mono|Any CPU.ActiveCfg = Android Mono|Any CPU
		{9F7B58E5-2540-4583-88DA-EDAAEE8063F0}.Android Mono|Any CPU.Build.0 = Android Mono|Any CPU
		{9F7B58E5-2540-4583-88DA-EDAAEE8063F0}.Debug|Any CPU.ActiveCfg = Debug|Any CPU
		{9F7B58E5-2540-4583-88DA-EDAAEE8063F0}.Debug|Any CPU.Build.0 = Debug|Any CPU
		{9F7B58E5-2540-4583-88DA-EDAAEE8063F0}.PS4 Unity|Any CPU.ActiveCfg = PS4 Unity|Any CPU
		{9F7B58E5-2540-4583-88DA-EDAAEE8063F0}.PS4 Unity|Any CPU.Build.0 = PS4 Unity|Any CPU
		{9F7B58E5-2540-4583-88DA-EDAAEE8063F0}.Release|Any CPU.ActiveCfg = Release|Any CPU
		{9F7B58E5-2540-4583-88DA-EDAAEE8063F0}.Release|Any CPU.Build.0 = Release|Any CPU
	EndGlobalSection
	GlobalSection(SolutionProperties) = preSolution
		HideSolutionNode = FALSE
	EndGlobalSection
EndGlobal
